{
  "version": 1,
  "dependencies": {
    ".NETCoreApp,Version=v3.1": {
      "LibGit2Sharp": {
        "type": "Direct",
        "requested": "[0.26.2, )",
        "resolved": "0.26.2",
        "contentHash": "qHLhuI8VEtMf7jiurT/Ypquh37S6ngllCx+aq9uqOY2evok7Fb2AzhJgvNctsXOzHaJwveBs+30sPQJFn/pISg==",
        "dependencies": {
          "LibGit2Sharp.NativeBinaries": "[2.0.306]"
        }
      },
      "Nett": {
        "type": "Direct",
        "requested": "[0.13.0, )",
        "resolved": "0.13.0",
        "contentHash": "s3GMchEhJHuDEddBV4g5UbK7x6r7inTRZ0mOmqPXQPAQ0mr8pODN++5mfnAbAs/s6RI4+qYNuoUymnGBxgbfgQ=="
      },
      "Octokit": {
        "type": "Direct",
        "requested": "[0.36.0, )",
        "resolved": "0.36.0",
        "contentHash": "u9SwD0wne6NrxcwOxz2kzcni4r8X4E9y+Oul5CVbnDN3q0ZFYLu5FlI+JgkADmtTsYZMZ4huGfk51S+CXQSCFA=="
      },
      "LibGit2Sharp.NativeBinaries": {
        "type": "Transitive",
        "resolved": "2.0.306",
        "contentHash": "LY9nyPE2X/eLl69ttuDPFFlKR8b5KXlqYej1YR1YmqmhF8Izo+vPX90q5ouOO5YGCf5d4lDUOC0x2yMWw00P7Q=="
      }
    }
  }
}